
Microsoft Visual Studio Solution File, Format Version 12.00
# Visual Studio Version 16
VisualStudioVersion = 16.0.34931.43
MinimumVisualStudioVersion = 10.0.40219.1
Project("{FAE04EC0-301F-11D3-BF4B-00C04F79EFBC}") = "H8Exam2", "H8Exam2\H8Exam2.csproj", "{70489916-D016-4D41-ABB3-AA5908C46D91}"
EndProject
Global
	GlobalSection(SolutionConfigurationPlatforms) = preSolution
		Debug|Any CPU = Debug|Any CPU
		Release|Any CPU = Release|Any CPU
	EndGlobalSection
	GlobalSection(ProjectConfigurationPlatforms) = postSolution
		{70489916-D016-4D41-ABB3-AA5908C46D91}.Debug|Any CPU.ActiveCfg = Debug|Any CPU
		{70489916-D016-4D41-ABB3-AA5908C46D91}.Debug|Any CPU.Build.0 = Debug|Any CPU
		{70489916-D016-4D41-ABB3-AA5908C46D91}.Release|Any CPU.ActiveCfg = Release|Any CPU
		{70489916-D016-4D41-ABB3-AA5908C46D91}.Release|Any CPU.Build.0 = Release|Any CPU
	EndGlobalSection
	GlobalSection(SolutionProperties) = preSolution
		HideSolutionNode = FALSE
	EndGlobalSection
	GlobalSection(ExtensibilityGlobals) = postSolution
		SolutionGuid = {1E6C2A17-48AC-4AE8-982C-F6D3F27B9D37}
	EndGlobalSection
EndGlobal
