
Microsoft Visual Studio Solution File, Format Version 12.00
# Visual Studio Version 16
VisualStudioVersion = 16.0.34931.43
MinimumVisualStudioVersion = 10.0.40219.1
Project("{FAE04EC0-301F-11D3-BF4B-00C04F79EFBC}") = "H8Exam1", "H8Exam1\H8Exam1.csproj", "{0A31B28B-1C67-4538-85E6-D9169565DB77}"
EndProject
Global
	GlobalSection(SolutionConfigurationPlatforms) = preSolution
		Debug|Any CPU = Debug|Any CPU
		Release|Any CPU = Release|Any CPU
	EndGlobalSection
	GlobalSection(ProjectConfigurationPlatforms) = postSolution
		{0A31B28B-1C67-4538-85E6-D9169565DB77}.Debug|Any CPU.ActiveCfg = Debug|Any CPU
		{0A31B28B-1C67-4538-85E6-D9169565DB77}.Debug|Any CPU.Build.0 = Debug|Any CPU
		{0A31B28B-1C67-4538-85E6-D9169565DB77}.Release|Any CPU.ActiveCfg = Release|Any CPU
		{0A31B28B-1C67-4538-85E6-D9169565DB77}.Release|Any CPU.Build.0 = Release|Any CPU
	EndGlobalSection
	GlobalSection(SolutionProperties) = preSolution
		HideSolutionNode = FALSE
	EndGlobalSection
	GlobalSection(ExtensibilityGlobals) = postSolution
		SolutionGuid = {91C915D9-5D93-4757-9C73-4595BE530DD9}
	EndGlobalSection
EndGlobal
